
Microsoft Visual Studio Solution File, Format Version 12.00
# Visual Studio Version 17
VisualStudioVersion = 17.0.32112.339
MinimumVisualStudioVersion = 10.0.40219.1
Project("{FAE04EC0-301F-11D3-BF4B-00C04F79EFBC}") = "ParallelPixivUtil2", "ParallelPixivUtil2.csproj", "{DF35A625-B18B-4552-8A5B-C2C27BFAC864}"
EndProject
Global
	GlobalSection(SolutionConfigurationPlatforms) = preSolution
		Debug|Any CPU = Debug|Any CPU
		Release|Any CPU = Release|Any CPU
	EndGlobalSection
	GlobalSection(ProjectConfigurationPlatforms) = postSolution
		{DF35A625-B18B-4552-8A5B-C2C27BFAC864}.Debug|Any CPU.ActiveCfg = Debug|Any CPU
		{DF35A625-B18B-4552-8A5B-C2C27BFAC864}.Debug|Any CPU.Build.0 = Debug|Any CPU
		{DF35A625-B18B-4552-8A5B-C2C27BFAC864}.Release|Any CPU.ActiveCfg = Release|Any CPU
		{DF35A625-B18B-4552-8A5B-C2C27BFAC864}.Release|Any CPU.Build.0 = Release|Any CPU
	EndGlobalSection
	GlobalSection(SolutionProperties) = preSolution
		HideSolutionNode = FALSE
	EndGlobalSection
	GlobalSection(ExtensibilityGlobals) = postSolution
		SolutionGuid = {CD8FD7D3-90B3-4D85-A29A-B230D979A475}
	EndGlobalSection
EndGlobal
